
Microsoft Visual Studio Solution File, Format Version 12.00
# Visual Studio Version 17
VisualStudioVersion = 17.9.34714.143
MinimumVisualStudioVersion = 10.0.40219.1
Project("{9A19103F-16F7-4668-BE54-9A1E7A4F7556}") = "ParcialUnoP-IV", "ParcialUnoP-IV.csproj", "{4768B836-94D2-45D6-87C1-873305E9C947}"
EndProject
Project("{9A19103F-16F7-4668-BE54-9A1E7A4F7556}") = "ApiSistema", "..\ApiSistema\ApiSistema.csproj", "{D5E13DFB-CA23-4610-A327-7FDB0E9C929A}"
EndProject
Global
	GlobalSection(SolutionConfigurationPlatforms) = preSolution
		Debug|Any CPU = Debug|Any CPU
		Release|Any CPU = Release|Any CPU
	EndGlobalSection
	GlobalSection(ProjectConfigurationPlatforms) = postSolution
		{4768B836-94D2-45D6-87C1-873305E9C947}.Debug|Any CPU.ActiveCfg = Debug|Any CPU
		{4768B836-94D2-45D6-87C1-873305E9C947}.Debug|Any CPU.Build.0 = Debug|Any CPU
		{4768B836-94D2-45D6-87C1-873305E9C947}.Release|Any CPU.ActiveCfg = Release|Any CPU
		{4768B836-94D2-45D6-87C1-873305E9C947}.Release|Any CPU.Build.0 = Release|Any CPU
		{D5E13DFB-CA23-4610-A327-7FDB0E9C929A}.Debug|Any CPU.ActiveCfg = Debug|Any CPU
		{D5E13DFB-CA23-4610-A327-7FDB0E9C929A}.Debug|Any CPU.Build.0 = Debug|Any CPU
		{D5E13DFB-CA23-4610-A327-7FDB0E9C929A}.Release|Any CPU.ActiveCfg = Release|Any CPU
		{D5E13DFB-CA23-4610-A327-7FDB0E9C929A}.Release|Any CPU.Build.0 = Release|Any CPU
	EndGlobalSection
	GlobalSection(SolutionProperties) = preSolution
		HideSolutionNode = FALSE
	EndGlobalSection
	GlobalSection(ExtensibilityGlobals) = postSolution
		SolutionGuid = {5E8724C9-EB43-46E0-9C8D-D6107FC54430}
	EndGlobalSection
EndGlobal
